
Microsoft Visual Studio Solution File, Format Version 12.00
# Visual Studio Version 17
VisualStudioVersion = 17.14.36327.8 d17.14
MinimumVisualStudioVersion = 10.0.40219.1
Project("{FAE04EC0-301F-11D3-BF4B-00C04F79EFBC}") = "RegisterWithGemma", "RegisterWithGemma.csproj", "{778FDEA0-00D5-CF51-FBFB-E7B41C5E5C07}"
EndProject
Project("{FAE04EC0-301F-11D3-BF4B-00C04F79EFBC}") = "SampleMcpServer", "..\SampleMcpServer\SampleMcpServer.csproj", "{0248FABC-7FB4-BA1F-9195-40C7BA1C3124}"
EndProject
Global
	GlobalSection(SolutionConfigurationPlatforms) = preSolution
		Debug|Any CPU = Debug|Any CPU
		Release|Any CPU = Release|Any CPU
	EndGlobalSection
	GlobalSection(ProjectConfigurationPlatforms) = postSolution
		{778FDEA0-00D5-CF51-FBFB-E7B41C5E5C07}.Debug|Any CPU.ActiveCfg = Debug|Any CPU
		{778FDEA0-00D5-CF51-FBFB-E7B41C5E5C07}.Debug|Any CPU.Build.0 = Debug|Any CPU
		{778FDEA0-00D5-CF51-FBFB-E7B41C5E5C07}.Release|Any CPU.ActiveCfg = Release|Any CPU
		{778FDEA0-00D5-CF51-FBFB-E7B41C5E5C07}.Release|Any CPU.Build.0 = Release|Any CPU
		{0248FABC-7FB4-BA1F-9195-40C7BA1C3124}.Debug|Any CPU.ActiveCfg = Debug|Any CPU
		{0248FABC-7FB4-BA1F-9195-40C7BA1C3124}.Debug|Any CPU.Build.0 = Debug|Any CPU
		{0248FABC-7FB4-BA1F-9195-40C7BA1C3124}.Release|Any CPU.ActiveCfg = Release|Any CPU
		{0248FABC-7FB4-BA1F-9195-40C7BA1C3124}.Release|Any CPU.Build.0 = Release|Any CPU
	EndGlobalSection
	GlobalSection(SolutionProperties) = preSolution
		HideSolutionNode = FALSE
	EndGlobalSection
	GlobalSection(ExtensibilityGlobals) = postSolution
		SolutionGuid = {49D7D30C-1B59-49DE-97CC-34980368ADFC}
	EndGlobalSection
EndGlobal
