
Microsoft Visual Studio Solution File, Format Version 12.00
# Visual Studio Version 17
VisualStudioVersion = 17.0.31903.59
MinimumVisualStudioVersion = 10.0.40219.1
Project("{2150E333-8FDC-42A3-9474-1A3956D46DE8}") = "src", "src", "{827E0CD3-B72D-47B6-A68D-7590B98EB39B}"
EndProject
Project("{F2A71F9B-5D33-465A-A702-920D77279786}") = "Prompt.Builder", "src\Prompt.Builder\Prompt.Builder.fsproj", "{BC945015-C1AB-4B14-99AD-FC08294F43A7}"
EndProject
Project("{FAE04EC0-301F-11D3-BF4B-00C04F79EFBC}") = "Prompt.Core", "src\Prompt.Core\Prompt.Core.csproj", "{1A3EB4AE-9C0E-4C9C-9723-0B8D1E2A7145}"
EndProject
Project("{FAE04EC0-301F-11D3-BF4B-00C04F79EFBC}") = "Prompt.Flow", "src\Prompt.Flow\Prompt.Flow.csproj", "{5F6BD91F-F39B-4082-A9B0-1AE32B63E647}"
EndProject
Project("{2150E333-8FDC-42A3-9474-1A3956D46DE8}") = "tests", "tests", "{0AB3BF05-4346-4AA6-1389-037BE0695223}"
EndProject
Project("{F2A71F9B-5D33-465A-A702-920D77279786}") = "Prompt.Tests.Builder", "tests\Prompt.Tests.Builder\Prompt.Tests.Builder.fsproj", "{5B4A6069-3B4A-4127-91C7-246956E27487}"
EndProject
Project("{FAE04EC0-301F-11D3-BF4B-00C04F79EFBC}") = "Prompt.Tests.Core", "tests\Prompt.Tests.Core\Prompt.Tests.Core.csproj", "{FBD48A80-4F3A-492F-A8FF-3F86EE25D67F}"
EndProject
Project("{FAE04EC0-301F-11D3-BF4B-00C04F79EFBC}") = "Prompt.Tests.Flow", "tests\Prompt.Tests.Flow\Prompt.Tests.Flow.csproj", "{2DB5DCD8-DC52-40A6-B47D-5BFFCAE3B7D6}"
EndProject
Global
	GlobalSection(SolutionConfigurationPlatforms) = preSolution
		Debug|Any CPU = Debug|Any CPU
		Debug|x64 = Debug|x64
		Debug|x86 = Debug|x86
		Release|Any CPU = Release|Any CPU
		Release|x64 = Release|x64
		Release|x86 = Release|x86
	EndGlobalSection
	GlobalSection(ProjectConfigurationPlatforms) = postSolution
		{BC945015-C1AB-4B14-99AD-FC08294F43A7}.Debug|Any CPU.ActiveCfg = Debug|Any CPU
		{BC945015-C1AB-4B14-99AD-FC08294F43A7}.Debug|Any CPU.Build.0 = Debug|Any CPU
		{BC945015-C1AB-4B14-99AD-FC08294F43A7}.Debug|x64.ActiveCfg = Debug|Any CPU
		{BC945015-C1AB-4B14-99AD-FC08294F43A7}.Debug|x64.Build.0 = Debug|Any CPU
		{BC945015-C1AB-4B14-99AD-FC08294F43A7}.Debug|x86.ActiveCfg = Debug|Any CPU
		{BC945015-C1AB-4B14-99AD-FC08294F43A7}.Debug|x86.Build.0 = Debug|Any CPU
		{BC945015-C1AB-4B14-99AD-FC08294F43A7}.Release|Any CPU.ActiveCfg = Release|Any CPU
		{BC945015-C1AB-4B14-99AD-FC08294F43A7}.Release|Any CPU.Build.0 = Release|Any CPU
		{BC945015-C1AB-4B14-99AD-FC08294F43A7}.Release|x64.ActiveCfg = Release|Any CPU
		{BC945015-C1AB-4B14-99AD-FC08294F43A7}.Release|x64.Build.0 = Release|Any CPU
		{BC945015-C1AB-4B14-99AD-FC08294F43A7}.Release|x86.ActiveCfg = Release|Any CPU
		{BC945015-C1AB-4B14-99AD-FC08294F43A7}.Release|x86.Build.0 = Release|Any CPU
		{1A3EB4AE-9C0E-4C9C-9723-0B8D1E2A7145}.Debug|Any CPU.ActiveCfg = Debug|Any CPU
		{1A3EB4AE-9C0E-4C9C-9723-0B8D1E2A7145}.Debug|Any CPU.Build.0 = Debug|Any CPU
		{1A3EB4AE-9C0E-4C9C-9723-0B8D1E2A7145}.Debug|x64.ActiveCfg = Debug|Any CPU
		{1A3EB4AE-9C0E-4C9C-9723-0B8D1E2A7145}.Debug|x64.Build.0 = Debug|Any CPU
		{1A3EB4AE-9C0E-4C9C-9723-0B8D1E2A7145}.Debug|x86.ActiveCfg = Debug|Any CPU
		{1A3EB4AE-9C0E-4C9C-9723-0B8D1E2A7145}.Debug|x86.Build.0 = Debug|Any CPU
		{1A3EB4AE-9C0E-4C9C-9723-0B8D1E2A7145}.Release|Any CPU.ActiveCfg = Release|Any CPU
		{1A3EB4AE-9C0E-4C9C-9723-0B8D1E2A7145}.Release|Any CPU.Build.0 = Release|Any CPU
		{1A3EB4AE-9C0E-4C9C-9723-0B8D1E2A7145}.Release|x64.ActiveCfg = Release|Any CPU
		{1A3EB4AE-9C0E-4C9C-9723-0B8D1E2A7145}.Release|x64.Build.0 = Release|Any CPU
		{1A3EB4AE-9C0E-4C9C-9723-0B8D1E2A7145}.Release|x86.ActiveCfg = Release|Any CPU
		{1A3EB4AE-9C0E-4C9C-9723-0B8D1E2A7145}.Release|x86.Build.0 = Release|Any CPU
		{5F6BD91F-F39B-4082-A9B0-1AE32B63E647}.Debug|Any CPU.ActiveCfg = Debug|Any CPU
		{5F6BD91F-F39B-4082-A9B0-1AE32B63E647}.Debug|Any CPU.Build.0 = Debug|Any CPU
		{5F6BD91F-F39B-4082-A9B0-1AE32B63E647}.Debug|x64.ActiveCfg = Debug|Any CPU
		{5F6BD91F-F39B-4082-A9B0-1AE32B63E647}.Debug|x64.Build.0 = Debug|Any CPU
		{5F6BD91F-F39B-4082-A9B0-1AE32B63E647}.Debug|x86.ActiveCfg = Debug|Any CPU
		{5F6BD91F-F39B-4082-A9B0-1AE32B63E647}.Debug|x86.Build.0 = Debug|Any CPU
		{5F6BD91F-F39B-4082-A9B0-1AE32B63E647}.Release|Any CPU.ActiveCfg = Release|Any CPU
		{5F6BD91F-F39B-4082-A9B0-1AE32B63E647}.Release|Any CPU.Build.0 = Release|Any CPU
		{5F6BD91F-F39B-4082-A9B0-1AE32B63E647}.Release|x64.ActiveCfg = Release|Any CPU
		{5F6BD91F-F39B-4082-A9B0-1AE32B63E647}.Release|x64.Build.0 = Release|Any CPU
		{5F6BD91F-F39B-4082-A9B0-1AE32B63E647}.Release|x86.ActiveCfg = Release|Any CPU
		{5F6BD91F-F39B-4082-A9B0-1AE32B63E647}.Release|x86.Build.0 = Release|Any CPU
		{5B4A6069-3B4A-4127-91C7-246956E27487}.Debug|Any CPU.ActiveCfg = Debug|Any CPU
		{5B4A6069-3B4A-4127-91C7-246956E27487}.Debug|Any CPU.Build.0 = Debug|Any CPU
		{5B4A6069-3B4A-4127-91C7-246956E27487}.Debug|x64.ActiveCfg = Debug|Any CPU
		{5B4A6069-3B4A-4127-91C7-246956E27487}.Debug|x64.Build.0 = Debug|Any CPU
		{5B4A6069-3B4A-4127-91C7-246956E27487}.Debug|x86.ActiveCfg = Debug|Any CPU
		{5B4A6069-3B4A-4127-91C7-246956E27487}.Debug|x86.Build.0 = Debug|Any CPU
		{5B4A6069-3B4A-4127-91C7-246956E27487}.Release|Any CPU.ActiveCfg = Release|Any CPU
		{5B4A6069-3B4A-4127-91C7-246956E27487}.Release|Any CPU.Build.0 = Release|Any CPU
		{5B4A6069-3B4A-4127-91C7-246956E27487}.Release|x64.ActiveCfg = Release|Any CPU
		{5B4A6069-3B4A-4127-91C7-246956E27487}.Release|x64.Build.0 = Release|Any CPU
		{5B4A6069-3B4A-4127-91C7-246956E27487}.Release|x86.ActiveCfg = Release|Any CPU
		{5B4A6069-3B4A-4127-91C7-246956E27487}.Release|x86.Build.0 = Release|Any CPU
		{FBD48A80-4F3A-492F-A8FF-3F86EE25D67F}.Debug|Any CPU.ActiveCfg = Debug|Any CPU
		{FBD48A80-4F3A-492F-A8FF-3F86EE25D67F}.Debug|Any CPU.Build.0 = Debug|Any CPU
		{FBD48A80-4F3A-492F-A8FF-3F86EE25D67F}.Debug|x64.ActiveCfg = Debug|Any CPU
		{FBD48A80-4F3A-492F-A8FF-3F86EE25D67F}.Debug|x64.Build.0 = Debug|Any CPU
		{FBD48A80-4F3A-492F-A8FF-3F86EE25D67F}.Debug|x86.ActiveCfg = Debug|Any CPU
		{FBD48A80-4F3A-492F-A8FF-3F86EE25D67F}.Debug|x86.Build.0 = Debug|Any CPU
		{FBD48A80-4F3A-492F-A8FF-3F86EE25D67F}.Release|Any CPU.ActiveCfg = Release|Any CPU
		{FBD48A80-4F3A-492F-A8FF-3F86EE25D67F}.Release|Any CPU.Build.0 = Release|Any CPU
		{FBD48A80-4F3A-492F-A8FF-3F86EE25D67F}.Release|x64.ActiveCfg = Release|Any CPU
		{FBD48A80-4F3A-492F-A8FF-3F86EE25D67F}.Release|x64.Build.0 = Release|Any CPU
		{FBD48A80-4F3A-492F-A8FF-3F86EE25D67F}.Release|x86.ActiveCfg = Release|Any CPU
		{FBD48A80-4F3A-492F-A8FF-3F86EE25D67F}.Release|x86.Build.0 = Release|Any CPU
		{2DB5DCD8-DC52-40A6-B47D-5BFFCAE3B7D6}.Debug|Any CPU.ActiveCfg = Debug|Any CPU
		{2DB5DCD8-DC52-40A6-B47D-5BFFCAE3B7D6}.Debug|Any CPU.Build.0 = Debug|Any CPU
		{2DB5DCD8-DC52-40A6-B47D-5BFFCAE3B7D6}.Debug|x64.ActiveCfg = Debug|Any CPU
		{2DB5DCD8-DC52-40A6-B47D-5BFFCAE3B7D6}.Debug|x64.Build.0 = Debug|Any CPU
		{2DB5DCD8-DC52-40A6-B47D-5BFFCAE3B7D6}.Debug|x86.ActiveCfg = Debug|Any CPU
		{2DB5DCD8-DC52-40A6-B47D-5BFFCAE3B7D6}.Debug|x86.Build.0 = Debug|Any CPU
		{2DB5DCD8-DC52-40A6-B47D-5BFFCAE3B7D6}.Release|Any CPU.ActiveCfg = Release|Any CPU
		{2DB5DCD8-DC52-40A6-B47D-5BFFCAE3B7D6}.Release|Any CPU.Build.0 = Release|Any CPU
		{2DB5DCD8-DC52-40A6-B47D-5BFFCAE3B7D6}.Release|x64.ActiveCfg = Release|Any CPU
		{2DB5DCD8-DC52-40A6-B47D-5BFFCAE3B7D6}.Release|x64.Build.0 = Release|Any CPU
		{2DB5DCD8-DC52-40A6-B47D-5BFFCAE3B7D6}.Release|x86.ActiveCfg = Release|Any CPU
		{2DB5DCD8-DC52-40A6-B47D-5BFFCAE3B7D6}.Release|x86.Build.0 = Release|Any CPU
	EndGlobalSection
	GlobalSection(SolutionProperties) = preSolution
		HideSolutionNode = FALSE
	EndGlobalSection
	GlobalSection(NestedProjects) = preSolution
		{BC945015-C1AB-4B14-99AD-FC08294F43A7} = {827E0CD3-B72D-47B6-A68D-7590B98EB39B}
		{1A3EB4AE-9C0E-4C9C-9723-0B8D1E2A7145} = {827E0CD3-B72D-47B6-A68D-7590B98EB39B}
		{5F6BD91F-F39B-4082-A9B0-1AE32B63E647} = {827E0CD3-B72D-47B6-A68D-7590B98EB39B}
		{5B4A6069-3B4A-4127-91C7-246956E27487} = {0AB3BF05-4346-4AA6-1389-037BE0695223}
		{FBD48A80-4F3A-492F-A8FF-3F86EE25D67F} = {0AB3BF05-4346-4AA6-1389-037BE0695223}
		{2DB5DCD8-DC52-40A6-B47D-5BFFCAE3B7D6} = {0AB3BF05-4346-4AA6-1389-037BE0695223}
	EndGlobalSection
EndGlobal
