
Microsoft Visual Studio Solution File, Format Version 12.00
# Visual Studio Version 17
VisualStudioVersion = 17.14.36327.8
MinimumVisualStudioVersion = 10.0.40219.1
Project("{FAE04EC0-301F-11D3-BF4B-00C04F79EFBC}") = "SampleMcpServer", "SampleMcpServer.csproj", "{95C7F689-2670-870B-E7E3-138C9D01C508}"
EndProject
Project("{FAE04EC0-301F-11D3-BF4B-00C04F79EFBC}") = "RegisterWithGemma", "..\RegisterWithGemma\RegisterWithGemma.csproj", "{2A68961A-5279-C83F-8CD1-9FADA55C315A}"
EndProject
Global
	GlobalSection(SolutionConfigurationPlatforms) = preSolution
		Debug|Any CPU = Debug|Any CPU
		Release|Any CPU = Release|Any CPU
	EndGlobalSection
	GlobalSection(ProjectConfigurationPlatforms) = postSolution
		{95C7F689-2670-870B-E7E3-138C9D01C508}.Debug|Any CPU.ActiveCfg = Debug|Any CPU
		{95C7F689-2670-870B-E7E3-138C9D01C508}.Debug|Any CPU.Build.0 = Debug|Any CPU
		{95C7F689-2670-870B-E7E3-138C9D01C508}.Release|Any CPU.ActiveCfg = Release|Any CPU
		{95C7F689-2670-870B-E7E3-138C9D01C508}.Release|Any CPU.Build.0 = Release|Any CPU
		{2A68961A-5279-C83F-8CD1-9FADA55C315A}.Debug|Any CPU.ActiveCfg = Debug|Any CPU
		{2A68961A-5279-C83F-8CD1-9FADA55C315A}.Debug|Any CPU.Build.0 = Debug|Any CPU
		{2A68961A-5279-C83F-8CD1-9FADA55C315A}.Release|Any CPU.ActiveCfg = Release|Any CPU
		{2A68961A-5279-C83F-8CD1-9FADA55C315A}.Release|Any CPU.Build.0 = Release|Any CPU
	EndGlobalSection
	GlobalSection(SolutionProperties) = preSolution
		HideSolutionNode = FALSE
	EndGlobalSection
	GlobalSection(ExtensibilityGlobals) = postSolution
		SolutionGuid = {32FA1E66-DC5C-478D-933C-E1172AB699F7}
	EndGlobalSection
EndGlobal
